
Microsoft Visual Studio Solution File, Format Version 12.00
# Visual Studio Version 17
VisualStudioVersion = 17.4.33213.308
MinimumVisualStudioVersion = 10.0.40219.1
Project("{FAE04EC0-301F-11D3-BF4B-00C04F79EFBC}") = "WorkerAgendamento", "WorkerAgendamento.csproj", "{B0F2420D-4663-4635-8D91-8E38BD471F24}"
EndProject
Project("{FAE04EC0-301F-11D3-BF4B-00C04F79EFBC}") = "Application", "..\Application\Application.csproj", "{211E77C8-7D66-459A-A083-2D39613CB779}"
EndProject
Global
	GlobalSection(SolutionConfigurationPlatforms) = preSolution
		Debug|Any CPU = Debug|Any CPU
		Release|Any CPU = Release|Any CPU
	EndGlobalSection
	GlobalSection(ProjectConfigurationPlatforms) = postSolution
		{B0F2420D-4663-4635-8D91-8E38BD471F24}.Debug|Any CPU.ActiveCfg = Debug|Any CPU
		{B0F2420D-4663-4635-8D91-8E38BD471F24}.Debug|Any CPU.Build.0 = Debug|Any CPU
		{B0F2420D-4663-4635-8D91-8E38BD471F24}.Release|Any CPU.ActiveCfg = Release|Any CPU
		{B0F2420D-4663-4635-8D91-8E38BD471F24}.Release|Any CPU.Build.0 = Release|Any CPU
		{211E77C8-7D66-459A-A083-2D39613CB779}.Debug|Any CPU.ActiveCfg = Debug|Any CPU
		{211E77C8-7D66-459A-A083-2D39613CB779}.Debug|Any CPU.Build.0 = Debug|Any CPU
		{211E77C8-7D66-459A-A083-2D39613CB779}.Release|Any CPU.ActiveCfg = Release|Any CPU
		{211E77C8-7D66-459A-A083-2D39613CB779}.Release|Any CPU.Build.0 = Release|Any CPU
	EndGlobalSection
	GlobalSection(SolutionProperties) = preSolution
		HideSolutionNode = FALSE
	EndGlobalSection
	GlobalSection(ExtensibilityGlobals) = postSolution
		SolutionGuid = {10F26E87-24B4-4735-AC00-F25174CF7774}
	EndGlobalSection
EndGlobal
